# THIS IS AN AUTOGENERATED FILE. DO NOT EDIT THIS FILE DIRECTLY.
# yarn lockfile v1


commander@~2.15.1:
  version "2.15.1"
  resolved "https://registry.yarnpkg.com/commander/-/commander-2.15.1.tgz#df46e867d0fc2aec66a34662b406a9ccafff5b0f"

moment-timezone@^0.5.16:
  version "0.5.16"
  resolved "https://registry.yarnpkg.com/moment-timezone/-/moment-timezone-0.5.16.tgz#661717d5f55b4d2c2e002262d726c83785192a5a"
  dependencies:
    moment ">= 2.9.0"

"moment@>= 2.9.0":
  version "2.22.1"
  resolved "https://registry.yarnpkg.com/moment/-/moment-2.22.1.tgz#529a2e9bf973f259c9643d237fda84de3a26e8ad"
